
Microsoft Visual Studio Solution File, Format Version 12.00
# Visual Studio 14
VisualStudioVersion = 14.0.24720.0
MinimumVisualStudioVersion = 10.0.40219.1
Project("{FAE04EC0-301F-11D3-BF4B-00C04F79EFBC}") = "QuanLyDaiLySach_1453014_1453036", "QuanLyDaiLySach_1453014_1453036\QuanLyDaiLySach_1453014_1453036.csproj", "{04870A38-9EDB-4360-8057-0AAD63EE1292}"
EndProject
Global
	GlobalSection(SolutionConfigurationPlatforms) = preSolution
		Debug|Any CPU = Debug|Any CPU
		Release|Any CPU = Release|Any CPU
	EndGlobalSection
	GlobalSection(ProjectConfigurationPlatforms) = postSolution
		{04870A38-9EDB-4360-8057-0AAD63EE1292}.Debug|Any CPU.ActiveCfg = Debug|Any CPU
		{04870A38-9EDB-4360-8057-0AAD63EE1292}.Debug|Any CPU.Build.0 = Debug|Any CPU
		{04870A38-9EDB-4360-8057-0AAD63EE1292}.Release|Any CPU.ActiveCfg = Release|Any CPU
		{04870A38-9EDB-4360-8057-0AAD63EE1292}.Release|Any CPU.Build.0 = Release|Any CPU
	EndGlobalSection
	GlobalSection(SolutionProperties) = preSolution
		HideSolutionNode = FALSE
	EndGlobalSection
EndGlobal
